
PODS:
- AFNetworking (0.10.1)
- SBJson (3.1)
- SDWebImage (2.4)
- SVProgressHUD (0.9)

DEPENDENCIES:
- AFNetworking (= 0.10.1)
- SBJson (= 3.1)
- SDWebImage (= 2.4)
- SVProgressHUD (from `https://github.com/kirualex/SVProgressHUD.git')

EXTERNAL SOURCES:
  SVProgressHUD:
    :git: https://github.com/kirualex/SVProgressHUD.git

SPEC CHECKSUMS:
  AFNetworking: df1042246c17373b96f12f04bf5c6e1c25992cd4
  SBJson: 0c76c1e4ec7c4fbf9c9c0d9fa78cb3c5743cbe9a
  SDWebImage: 83073356b7aa4aa66a5e69447fb9aedef6a7f306
  SVProgressHUD: e3eeebe7c47fb4b54e210e142c03933b309aac4d

COCOAPODS: 0.15.2
